// !$*UTF8*$!
{
	archiveVersion = 1;
	classes = {
	};
	objectVersion = 50;
	objects = {

/* Begin PBXBuildFile section */
		8E34A67422D25E89001080B1 /* Article.swift in Sources */ = {isa = PBXBuildFile; fileRef = 8E34A67322D25E89001080B1 /* Article.swift */; };
		8E34A67C22D260BC001080B1 /* NewsTableViewController.swift in Sources */ = {isa = PBXBuildFile; fileRef = 8E34A67B22D260BC001080B1 /* NewsTableViewController.swift */; };
		8E34A68522D26137001080B1 /* NewsTableViewCell.swift in Sources */ = {isa = PBXBuildFile; fileRef = 8E34A68422D26137001080B1 /* NewsTableViewCell.swift */; };
		8E34A68722D26165001080B1 /* ArticleViewController.swift in Sources */ = {isa = PBXBuildFile; fileRef = 8E34A68622D26165001080B1 /* ArticleViewController.swift */; };
		8E633C0222D25CBB007504E7 /* AppDelegate.swift in Sources */ = {isa = PBXBuildFile; fileRef = 8E633C0122D25CBB007504E7 /* AppDelegate.swift */; };
		8E633C0722D25CBB007504E7 /* Main.storyboard in Resources */ = {isa = PBXBuildFile; fileRef = 8E633C0522D25CBB007504E7 /* Main.storyboard */; };
		8E633C0A22D25CBB007504E7 /* AppTest.xcdatamodeld in Sources */ = {isa = PBXBuildFile; fileRef = 8E633C0822D25CBB007504E7 /* AppTest.xcdatamodeld */; };
		8E633C0C22D25CC2007504E7 /* Assets.xcassets in Resources */ = {isa = PBXBuildFile; fileRef = 8E633C0B22D25CC2007504E7 /* Assets.xcassets */; };
		8E633C0F22D25CC2007504E7 /* LaunchScreen.storyboard in Resources */ = {isa = PBXBuildFile; fileRef = 8E633C0D22D25CC2007504E7 /* LaunchScreen.storyboard */; };
		8E633C1A22D25D85007504E7 /* NewsAPIManager.swift in Sources */ = {isa = PBXBuildFile; fileRef = 8E633C1822D25D85007504E7 /* NewsAPIManager.swift */; };
		8EB6D59422D26DB40032F67A /* HistoryTableViewController.swift in Sources */ = {isa = PBXBuildFile; fileRef = 8EB6D59322D26DB40032F67A /* HistoryTableViewController.swift */; };
		8EB6D59622D26DC30032F67A /* HistoryTableViewCell.swift in Sources */ = {isa = PBXBuildFile; fileRef = 8EB6D59522D26DC30032F67A /* HistoryTableViewCell.swift */; };
		8EB6D59822D26FF20032F67A /* TableViewDataSource.swift in Sources */ = {isa = PBXBuildFile; fileRef = 8EB6D59722D26FF20032F67A /* TableViewDataSource.swift */; };
		8EB6D59A22D271BE0032F67A /* Constants.swift in Sources */ = {isa = PBXBuildFile; fileRef = 8EB6D59922D271BE0032F67A /* Constants.swift */; };
		8EB6D59C22D273250032F67A /* NewsListViewModel.swift in Sources */ = {isa = PBXBuildFile; fileRef = 8EB6D59B22D273250032F67A /* NewsListViewModel.swift */; };
		8EB6D5A722D2B5990032F67A /* HasReadArticle+CoreDataClass.swift in Sources */ = {isa = PBXBuildFile; fileRef = 8EB6D5A522D2B5990032F67A /* HasReadArticle+CoreDataClass.swift */; };
		8EB6D5A822D2B5990032F67A /* HasReadArticle+CoreDataProperties.swift in Sources */ = {isa = PBXBuildFile; fileRef = 8EB6D5A622D2B5990032F67A /* HasReadArticle+CoreDataProperties.swift */; };
/* End PBXBuildFile section */

/* Begin PBXFileReference section */
		8E34A67322D25E89001080B1 /* Article.swift */ = {isa = PBXFileReference; fileEncoding = 4; lastKnownFileType = sourcecode.swift; path = Article.swift; sourceTree = "<group>"; };
		8E34A67B22D260BC001080B1 /* NewsTableViewController.swift */ = {isa = PBXFileReference; lastKnownFileType = sourcecode.swift; path = NewsTableViewController.swift; sourceTree = "<group>"; };
		8E34A68422D26137001080B1 /* NewsTableViewCell.swift */ = {isa = PBXFileReference; lastKnownFileType = sourcecode.swift; path = NewsTableViewCell.swift; sourceTree = "<group>"; };
		8E34A68622D26165001080B1 /* ArticleViewController.swift */ = {isa = PBXFileReference; lastKnownFileType = sourcecode.swift; path = ArticleViewController.swift; sourceTree = "<group>"; };
		8E633BFE22D25CBB007504E7 /* AppTest.app */ = {isa = PBXFileReference; explicitFileType = wrapper.application; includeInIndex = 0; path = AppTest.app; sourceTree = BUILT_PRODUCTS_DIR; };
		8E633C0122D25CBB007504E7 /* AppDelegate.swift */ = {isa = PBXFileReference; lastKnownFileType = sourcecode.swift; path = AppDelegate.swift; sourceTree = "<group>"; };
		8E633C0622D25CBB007504E7 /* Base */ = {isa = PBXFileReference; lastKnownFileType = file.storyboard; name = Base; path = Base.lproj/Main.storyboard; sourceTree = "<group>"; };
		8E633C0922D25CBB007504E7 /* AppTest.xcdatamodel */ = {isa = PBXFileReference; lastKnownFileType = wrapper.xcdatamodel; path = AppTest.xcdatamodel; sourceTree = "<group>"; };
		8E633C0B22D25CC2007504E7 /* Assets.xcassets */ = {isa = PBXFileReference; lastKnownFileType = folder.assetcatalog; path = Assets.xcassets; sourceTree = "<group>"; };
		8E633C0E22D25CC2007504E7 /* Base */ = {isa = PBXFileReference; lastKnownFileType = file.storyboard; name = Base; path = Base.lproj/LaunchScreen.storyboard; sourceTree = "<group>"; };
		8E633C1022D25CC2007504E7 /* Info.plist */ = {isa = PBXFileReference; lastKnownFileType = text.plist.xml; path = Info.plist; sourceTree = "<group>"; };
		8E633C1822D25D85007504E7 /* NewsAPIManager.swift */ = {isa = PBXFileReference; fileEncoding = 4; lastKnownFileType = sourcecode.swift; path = NewsAPIManager.swift; sourceTree = "<group>"; };
		8EB6D59322D26DB40032F67A /* HistoryTableViewController.swift */ = {isa = PBXFileReference; lastKnownFileType = sourcecode.swift; path = HistoryTableViewController.swift; sourceTree = "<group>"; };
		8EB6D59522D26DC30032F67A /* HistoryTableViewCell.swift */ = {isa = PBXFileReference; lastKnownFileType = sourcecode.swift; path = HistoryTableViewCell.swift; sourceTree = "<group>"; };
		8EB6D59722D26FF20032F67A /* TableViewDataSource.swift */ = {isa = PBXFileReference; lastKnownFileType = sourcecode.swift; path = TableViewDataSource.swift; sourceTree = "<group>"; };
		8EB6D59922D271BE0032F67A /* Constants.swift */ = {isa = PBXFileReference; lastKnownFileType = sourcecode.swift; path = Constants.swift; sourceTree = "<group>"; };
		8EB6D59B22D273250032F67A /* NewsListViewModel.swift */ = {isa = PBXFileReference; lastKnownFileType = sourcecode.swift; path = NewsListViewModel.swift; sourceTree = "<group>"; };
		8EB6D5A522D2B5990032F67A /* HasReadArticle+CoreDataClass.swift */ = {isa = PBXFileReference; lastKnownFileType = sourcecode.swift; path = "HasReadArticle+CoreDataClass.swift"; sourceTree = "<group>"; };
		8EB6D5A622D2B5990032F67A /* HasReadArticle+CoreDataProperties.swift */ = {isa = PBXFileReference; lastKnownFileType = sourcecode.swift; path = "HasReadArticle+CoreDataProperties.swift"; sourceTree = "<group>"; };
/* End PBXFileReference section */

/* Begin PBXFrameworksBuildPhase section */
		8E633BFB22D25CBB007504E7 /* Frameworks */ = {
			isa = PBXFrameworksBuildPhase;
			buildActionMask = 2147483647;
			files = (
			);
			runOnlyForDeploymentPostprocessing = 0;
		};
/* End PBXFrameworksBuildPhase section */

/* Begin PBXGroup section */
		8E34A67A22D260A1001080B1 /* News */ = {
			isa = PBXGroup;
			children = (
				8E34A67B22D260BC001080B1 /* NewsTableViewController.swift */,
				8EB6D59B22D273250032F67A /* NewsListViewModel.swift */,
				8E34A68422D26137001080B1 /* NewsTableViewCell.swift */,
			);
			path = News;
			sourceTree = "<group>";
		};
		8E34A67F22D260FB001080B1 /* Article */ = {
			isa = PBXGroup;
			children = (
				8E34A68622D26165001080B1 /* ArticleViewController.swift */,
			);
			path = Article;
			sourceTree = "<group>";
		};
		8E633BF522D25CBB007504E7 = {
			isa = PBXGroup;
			children = (
				8E633C0022D25CBB007504E7 /* AppTest */,
				8E633BFF22D25CBB007504E7 /* Products */,
			);
			sourceTree = "<group>";
		};
		8E633BFF22D25CBB007504E7 /* Products */ = {
			isa = PBXGroup;
			children = (
				8E633BFE22D25CBB007504E7 /* AppTest.app */,
			);
			name = Products;
			sourceTree = "<group>";
		};
		8E633C0022D25CBB007504E7 /* AppTest */ = {
			isa = PBXGroup;
			children = (
				8E633C1822D25D85007504E7 /* NewsAPIManager.swift */,
				8EB6D59722D26FF20032F67A /* TableViewDataSource.swift */,
				8E34A67A22D260A1001080B1 /* News */,
				8E34A67F22D260FB001080B1 /* Article */,
				8EB6D59222D26D900032F67A /* History */,
				8E633C1622D25D85007504E7 /* Model */,
				8E633C0122D25CBB007504E7 /* AppDelegate.swift */,
				8EB6D59922D271BE0032F67A /* Constants.swift */,
				8E633C0522D25CBB007504E7 /* Main.storyboard */,
				8E633C0B22D25CC2007504E7 /* Assets.xcassets */,
				8E633C0D22D25CC2007504E7 /* LaunchScreen.storyboard */,
				8E633C1022D25CC2007504E7 /* Info.plist */,
				8E633C0822D25CBB007504E7 /* AppTest.xcdatamodeld */,
				8EB6D5A522D2B5990032F67A /* HasReadArticle+CoreDataClass.swift */,
				8EB6D5A622D2B5990032F67A /* HasReadArticle+CoreDataProperties.swift */,
			);
			path = AppTest;
			sourceTree = "<group>";
		};
		8E633C1622D25D85007504E7 /* Model */ = {
			isa = PBXGroup;
			children = (
				8E34A67322D25E89001080B1 /* Article.swift */,
			);
			path = Model;
			sourceTree = "<group>";
		};
		8EB6D59222D26D900032F67A /* History */ = {
			isa = PBXGroup;
			children = (
				8EB6D59322D26DB40032F67A /* HistoryTableViewController.swift */,
				8EB6D59522D26DC30032F67A /* HistoryTableViewCell.swift */,
			);
			path = History;
			sourceTree = "<group>";
		};
/* End PBXGroup section */

/* Begin PBXNativeTarget section */
		8E633BFD22D25CBB007504E7 /* AppTest */ = {
			isa = PBXNativeTarget;
			buildConfigurationList = 8E633C1322D25CC2007504E7 /* Build configuration list for PBXNativeTarget "AppTest" */;
			buildPhases = (
				8E633BFA22D25CBB007504E7 /* Sources */,
				8E633BFB22D25CBB007504E7 /* Frameworks */,
				8E633BFC22D25CBB007504E7 /* Resources */,
			);
			buildRules = (
			);
			dependencies = (
			);
			name = AppTest;
			productName = AppTest;
			productReference = 8E633BFE22D25CBB007504E7 /* AppTest.app */;
			productType = "com.apple.product-type.application";
		};
/* End PBXNativeTarget section */

/* Begin PBXProject section */
		8E633BF622D25CBB007504E7 /* Project object */ = {
			isa = PBXProject;
			attributes = {
				LastSwiftUpdateCheck = 1010;
				LastUpgradeCheck = 1010;
				ORGANIZATIONNAME = rachelng;
				TargetAttributes = {
					8E633BFD22D25CBB007504E7 = {
						CreatedOnToolsVersion = 10.1;
					};
				};
			};
			buildConfigurationList = 8E633BF922D25CBB007504E7 /* Build configuration list for PBXProject "AppTest" */;
			compatibilityVersion = "Xcode 9.3";
			developmentRegion = en;
			hasScannedForEncodings = 0;
			knownRegions = (
				en,
				Base,
			);
			mainGroup = 8E633BF522D25CBB007504E7;
			productRefGroup = 8E633BFF22D25CBB007504E7 /* Products */;
			projectDirPath = "";
			projectRoot = "";
			targets = (
				8E633BFD22D25CBB007504E7 /* AppTest */,
			);
		};
/* End PBXProject section */

/* Begin PBXResourcesBuildPhase section */
		8E633BFC22D25CBB007504E7 /* Resources */ = {
			isa = PBXResourcesBuildPhase;
			buildActionMask = 2147483647;
			files = (
				8E633C0F22D25CC2007504E7 /* LaunchScreen.storyboard in Resources */,
				8E633C0C22D25CC2007504E7 /* Assets.xcassets in Resources */,
				8E633C0722D25CBB007504E7 /* Main.storyboard in Resources */,
			);
			runOnlyForDeploymentPostprocessing = 0;
		};
/* End PBXResourcesBuildPhase section */

/* Begin PBXSourcesBuildPhase section */
		8E633BFA22D25CBB007504E7 /* Sources */ = {
			isa = PBXSourcesBuildPhase;
			buildActionMask = 2147483647;
			files = (
				8E633C1A22D25D85007504E7 /* NewsAPIManager.swift in Sources */,
				8EB6D59A22D271BE0032F67A /* Constants.swift in Sources */,
				8E633C0A22D25CBB007504E7 /* AppTest.xcdatamodeld in Sources */,
				8E34A67C22D260BC001080B1 /* NewsTableViewController.swift in Sources */,
				8EB6D5A722D2B5990032F67A /* HasReadArticle+CoreDataClass.swift in Sources */,
				8EB6D59622D26DC30032F67A /* HistoryTableViewCell.swift in Sources */,
				8E34A68722D26165001080B1 /* ArticleViewController.swift in Sources */,
				8EB6D5A822D2B5990032F67A /* HasReadArticle+CoreDataProperties.swift in Sources */,
				8EB6D59422D26DB40032F67A /* HistoryTableViewController.swift in Sources */,
				8EB6D59C22D273250032F67A /* NewsListViewModel.swift in Sources */,
				8EB6D59822D26FF20032F67A /* TableViewDataSource.swift in Sources */,
				8E633C0222D25CBB007504E7 /* AppDelegate.swift in Sources */,
				8E34A67422D25E89001080B1 /* Article.swift in Sources */,
				8E34A68522D26137001080B1 /* NewsTableViewCell.swift in Sources */,
			);
			runOnlyForDeploymentPostprocessing = 0;
		};
/* End PBXSourcesBuildPhase section */

/* Begin PBXVariantGroup section */
		8E633C0522D25CBB007504E7 /* Main.storyboard */ = {
			isa = PBXVariantGroup;
			children = (
				8E633C0622D25CBB007504E7 /* Base */,
			);
			name = Main.storyboard;
			sourceTree = "<group>";
		};
		8E633C0D22D25CC2007504E7 /* LaunchScreen.storyboard */ = {
			isa = PBXVariantGroup;
			children = (
				8E633C0E22D25CC2007504E7 /* Base */,
			);
			name = LaunchScreen.storyboard;
			sourceTree = "<group>";
		};
/* End PBXVariantGroup section */

/* Begin XCBuildConfiguration section */
		8E633C1122D25CC2007504E7 /* Debug */ = {
			isa = XCBuildConfiguration;
			buildSettings = {
				ALWAYS_SEARCH_USER_PATHS = NO;
				CLANG_ANALYZER_NONNULL = YES;
				CLANG_ANALYZER_NUMBER_OBJECT_CONVERSION = YES_AGGRESSIVE;
				CLANG_CXX_LANGUAGE_STANDARD = "gnu++14";
				CLANG_CXX_LIBRARY = "libc++";
				CLANG_ENABLE_MODULES = YES;
				CLANG_ENABLE_OBJC_ARC = YES;
				CLANG_ENABLE_OBJC_WEAK = YES;
				CLANG_WARN_BLOCK_CAPTURE_AUTORELEASING = YES;
				CLANG_WARN_BOOL_CONVERSION = YES;
				CLANG_WARN_COMMA = YES;
				CLANG_WARN_CONSTANT_CONVERSION = YES;
				CLANG_WARN_DEPRECATED_OBJC_IMPLEMENTATIONS = YES;
				CLANG_WARN_DIRECT_OBJC_ISA_USAGE = YES_ERROR;
				CLANG_WARN_DOCUMENTATION_COMMENTS = YES;
				CLANG_WARN_EMPTY_BODY = YES;
				CLANG_WARN_ENUM_CONVERSION = YES;
				CLANG_WARN_INFINITE_RECURSION = YES;
				CLANG_WARN_INT_CONVERSION = YES;
				CLANG_WARN_NON_LITERAL_NULL_CONVERSION = YES;
				CLANG_WARN_OBJC_IMPLICIT_RETAIN_SELF = YES;
				CLANG_WARN_OBJC_LITERAL_CONVERSION = YES;
				CLANG_WARN_OBJC_ROOT_CLASS = YES_ERROR;
				CLANG_WARN_RANGE_LOOP_ANALYSIS = YES;
				CLANG_WARN_STRICT_PROTOTYPES = YES;
				CLANG_WARN_SUSPICIOUS_MOVE = YES;
				CLANG_WARN_UNGUARDED_AVAILABILITY = YES_AGGRESSIVE;
				CLANG_WARN_UNREACHABLE_CODE = YES;
				CLANG_WARN__DUPLICATE_METHOD_MATCH = YES;
				CODE_SIGN_IDENTITY = "iPhone Developer";
				COPY_PHASE_STRIP = NO;
				DEBUG_INFORMATION_FORMAT = dwarf;
				ENABLE_STRICT_OBJC_MSGSEND = YES;
				ENABLE_TESTABILITY = YES;
				GCC_C_LANGUAGE_STANDARD = gnu11;
				GCC_DYNAMIC_NO_PIC = NO;
				GCC_NO_COMMON_BLOCKS = YES;
				GCC_OPTIMIZATION_LEVEL = 0;
				GCC_PREPROCESSOR_DEFINITIONS = (
					"DEBUG=1",
					"$(inherited)",
				);
				GCC_WARN_64_TO_32_BIT_CONVERSION = YES;
				GCC_WARN_ABOUT_RETURN_TYPE = YES_ERROR;
				GCC_WARN_UNDECLARED_SELECTOR = YES;
				GCC_WARN_UNINITIALIZED_AUTOS = YES_AGGRESSIVE;
				GCC_WARN_UNUSED_FUNCTION = YES;
				GCC_WARN_UNUSED_VARIABLE = YES;
				IPHONEOS_DEPLOYMENT_TARGET = 12.1;
				MTL_ENABLE_DEBUG_INFO = INCLUDE_SOURCE;
				MTL_FAST_MATH = YES;
				ONLY_ACTIVE_ARCH = YES;
				SDKROOT = iphoneos;
				SWIFT_ACTIVE_COMPILATION_CONDITIONS = DEBUG;
				SWIFT_OPTIMIZATION_LEVEL = "-Onone";
			};
			name = Debug;
		};
		8E633C1222D25CC2007504E7 /* Release */ = {
			isa = XCBuildConfiguration;
			buildSettings = {
				ALWAYS_SEARCH_USER_PATHS = NO;
				CLANG_ANALYZER_NONNULL = YES;
				CLANG_ANALYZER_NUMBER_OBJECT_CONVERSION = YES_AGGRESSIVE;
				CLANG_CXX_LANGUAGE_STANDARD = "gnu++14";
				CLANG_CXX_LIBRARY = "libc++";
				CLANG_ENABLE_MODULES = YES;
				CLANG_ENABLE_OBJC_ARC = YES;
				CLANG_ENABLE_OBJC_WEAK = YES;
				CLANG_WARN_BLOCK_CAPTURE_AUTORELEASING = YES;
				CLANG_WARN_BOOL_CONVERSION = YES;
				CLANG_WARN_COMMA = YES;
				CLANG_WARN_CONSTANT_CONVERSION = YES;
				CLANG_WARN_DEPRECATED_OBJC_IMPLEMENTATIONS = YES;
				CLANG_WARN_DIRECT_OBJC_ISA_USAGE = YES_ERROR;
				CLANG_WARN_DOCUMENTATION_COMMENTS = YES;
				CLANG_WARN_EMPTY_BODY = YES;
				CLANG_WARN_ENUM_CONVERSION = YES;
				CLANG_WARN_INFINITE_RECURSION = YES;
				CLANG_WARN_INT_CONVERSION = YES;
				CLANG_WARN_NON_LITERAL_NULL_CONVERSION = YES;
				CLANG_WARN_OBJC_IMPLICIT_RETAIN_SELF = YES;
				CLANG_WARN_OBJC_LITERAL_CONVERSION = YES;
				CLANG_WARN_OBJC_ROOT_CLASS = YES_ERROR;
				CLANG_WARN_RANGE_LOOP_ANALYSIS = YES;
				CLANG_WARN_STRICT_PROTOTYPES = YES;
				CLANG_WARN_SUSPICIOUS_MOVE = YES;
				CLANG_WARN_UNGUARDED_AVAILABILITY = YES_AGGRESSIVE;
				CLANG_WARN_UNREACHABLE_CODE = YES;
				CLANG_WARN__DUPLICATE_METHOD_MATCH = YES;
				CODE_SIGN_IDENTITY = "iPhone Developer";
				COPY_PHASE_STRIP = NO;
				DEBUG_INFORMATION_FORMAT = "dwarf-with-dsym";
				ENABLE_NS_ASSERTIONS = NO;
				ENABLE_STRICT_OBJC_MSGSEND = YES;
				GCC_C_LANGUAGE_STANDARD = gnu11;
				GCC_NO_COMMON_BLOCKS = YES;
				GCC_WARN_64_TO_32_BIT_CONVERSION = YES;
				GCC_WARN_ABOUT_RETURN_TYPE = YES_ERROR;
				GCC_WARN_UNDECLARED_SELECTOR = YES;
				GCC_WARN_UNINITIALIZED_AUTOS = YES_AGGRESSIVE;
				GCC_WARN_UNUSED_FUNCTION = YES;
				GCC_WARN_UNUSED_VARIABLE = YES;
				IPHONEOS_DEPLOYMENT_TARGET = 12.1;
				MTL_ENABLE_DEBUG_INFO = NO;
				MTL_FAST_MATH = YES;
				SDKROOT = iphoneos;
				SWIFT_COMPILATION_MODE = wholemodule;
				SWIFT_OPTIMIZATION_LEVEL = "-O";
				VALIDATE_PRODUCT = YES;
			};
			name = Release;
		};
		8E633C1422D25CC2007504E7 /* Debug */ = {
			isa = XCBuildConfiguration;
			buildSettings = {
				ASSETCATALOG_COMPILER_APPICON_NAME = AppIcon;
				CODE_SIGN_STYLE = Automatic;
				DEVELOPMENT_TEAM = 29RC9R7ZEC;
				INFOPLIST_FILE = AppTest/Info.plist;
				LD_RUNPATH_SEARCH_PATHS = (
					"$(inherited)",
					"@executable_path/Frameworks",
				);
				PRODUCT_BUNDLE_IDENTIFIER = rachelng.AppTest;
				PRODUCT_NAME = "$(TARGET_NAME)";
				SWIFT_VERSION = 4.2;
				TARGETED_DEVICE_FAMILY = "1,2";
			};
			name = Debug;
		};
		8E633C1522D25CC2007504E7 /* Release */ = {
			isa = XCBuildConfiguration;
			buildSettings = {
				ASSETCATALOG_COMPILER_APPICON_NAME = AppIcon;
				CODE_SIGN_STYLE = Automatic;
				DEVELOPMENT_TEAM = 29RC9R7ZEC;
				INFOPLIST_FILE = AppTest/Info.plist;
				LD_RUNPATH_SEARCH_PATHS = (
					"$(inherited)",
					"@executable_path/Frameworks",
				);
				PRODUCT_BUNDLE_IDENTIFIER = rachelng.AppTest;
				PRODUCT_NAME = "$(TARGET_NAME)";
				SWIFT_VERSION = 4.2;
				TARGETED_DEVICE_FAMILY = "1,2";
			};
			name = Release;
		};
/* End XCBuildConfiguration section */

/* Begin XCConfigurationList section */
		8E633BF922D25CBB007504E7 /* Build configuration list for PBXProject "AppTest" */ = {
			isa = XCConfigurationList;
			buildConfigurations = (
				8E633C1122D25CC2007504E7 /* Debug */,
				8E633C1222D25CC2007504E7 /* Release */,
			);
			defaultConfigurationIsVisible = 0;
			defaultConfigurationName = Release;
		};
		8E633C1322D25CC2007504E7 /* Build configuration list for PBXNativeTarget "AppTest" */ = {
			isa = XCConfigurationList;
			buildConfigurations = (
				8E633C1422D25CC2007504E7 /* Debug */,
				8E633C1522D25CC2007504E7 /* Release */,
			);
			defaultConfigurationIsVisible = 0;
			defaultConfigurationName = Release;
		};
/* End XCConfigurationList section */

/* Begin XCVersionGroup section */
		8E633C0822D25CBB007504E7 /* AppTest.xcdatamodeld */ = {
			isa = XCVersionGroup;
			children = (
				8E633C0922D25CBB007504E7 /* AppTest.xcdatamodel */,
			);
			currentVersion = 8E633C0922D25CBB007504E7 /* AppTest.xcdatamodel */;
			path = AppTest.xcdatamodeld;
			sourceTree = "<group>";
			versionGroupType = wrapper.xcdatamodel;
		};
/* End XCVersionGroup section */
	};
	rootObject = 8E633BF622D25CBB007504E7 /* Project object */;
}
